
Microsoft Visual Studio Solution File, Format Version 12.00
# Visual Studio Version 17
VisualStudioVersion = 17.3.32901.215
MinimumVisualStudioVersion = 10.0.40219.1
Project("{FAE04EC0-301F-11D3-BF4B-00C04F79EFBC}") = "AutoBroadcast", "AutoBroadcast\AutoBroadcast.csproj", "{3C34985C-0A35-49B0-A04C-3C189E19CFEE}"
EndProject
Global
	GlobalSection(SolutionConfigurationPlatforms) = preSolution
		Debug|Any CPU = Debug|Any CPU
		Release|Any CPU = Release|Any CPU
	EndGlobalSection
	GlobalSection(ProjectConfigurationPlatforms) = postSolution
		{3C34985C-0A35-49B0-A04C-3C189E19CFEE}.Debug|Any CPU.ActiveCfg = Debug|Any CPU
		{3C34985C-0A35-49B0-A04C-3C189E19CFEE}.Debug|Any CPU.Build.0 = Debug|Any CPU
		{3C34985C-0A35-49B0-A04C-3C189E19CFEE}.Release|Any CPU.ActiveCfg = Release|Any CPU
		{3C34985C-0A35-49B0-A04C-3C189E19CFEE}.Release|Any CPU.Build.0 = Release|Any CPU
	EndGlobalSection
	GlobalSection(SolutionProperties) = preSolution
		HideSolutionNode = FALSE
	EndGlobalSection
	GlobalSection(ExtensibilityGlobals) = postSolution
		SolutionGuid = {BDE9EC33-A5C0-468C-9D0E-551346414C66}
	EndGlobalSection
EndGlobal
